
Microsoft Visual Studio Solution File, Format Version 12.00
# Visual Studio Version 16
VisualStudioVersion = 16.0.30524.135
MinimumVisualStudioVersion = 10.0.40219.1
Project("{E53339B2-1760-4266-BCC7-CA923CBCF16C}") = "docker-compose", "docker-compose.dcproj", "{BAEA6A84-C1D1-47B5-A5FC-B4340BD87D49}"
EndProject
Project("{9A19103F-16F7-4668-BE54-9A1E7A4F7556}") = "CatalogApi", "src\CatalogApi\CatalogApi\CatalogApi.csproj", "{2E5C5CC8-E83E-443A-9C5A-76412DAE146C}"
EndProject
Project("{2150E333-8FDC-42A3-9474-1A3956D46DE8}") = "src", "src", "{FA753C35-1791-4699-B06F-CE193D7D3892}"
EndProject
Project("{2150E333-8FDC-42A3-9474-1A3956D46DE8}") = "Catalog", "Catalog", "{270CE940-A1DC-4EF6-8425-89CB7E866A4D}"
EndProject
Project("{2150E333-8FDC-42A3-9474-1A3956D46DE8}") = "Basket", "Basket", "{9634692E-60F0-4007-B944-DF60CB933F70}"
EndProject
Project("{9A19103F-16F7-4668-BE54-9A1E7A4F7556}") = "BasketApi", "src\BasketApi\BasketApi\BasketApi.csproj", "{56EF2E43-A22C-41AC-BE4C-331CB5B2106F}"
EndProject
Global
	GlobalSection(SolutionConfigurationPlatforms) = preSolution
		Debug|Any CPU = Debug|Any CPU
		Release|Any CPU = Release|Any CPU
	EndGlobalSection
	GlobalSection(ProjectConfigurationPlatforms) = postSolution
		{BAEA6A84-C1D1-47B5-A5FC-B4340BD87D49}.Debug|Any CPU.ActiveCfg = Debug|Any CPU
		{BAEA6A84-C1D1-47B5-A5FC-B4340BD87D49}.Debug|Any CPU.Build.0 = Debug|Any CPU
		{BAEA6A84-C1D1-47B5-A5FC-B4340BD87D49}.Release|Any CPU.ActiveCfg = Release|Any CPU
		{BAEA6A84-C1D1-47B5-A5FC-B4340BD87D49}.Release|Any CPU.Build.0 = Release|Any CPU
		{2E5C5CC8-E83E-443A-9C5A-76412DAE146C}.Debug|Any CPU.ActiveCfg = Debug|Any CPU
		{2E5C5CC8-E83E-443A-9C5A-76412DAE146C}.Debug|Any CPU.Build.0 = Debug|Any CPU
		{2E5C5CC8-E83E-443A-9C5A-76412DAE146C}.Release|Any CPU.ActiveCfg = Release|Any CPU
		{2E5C5CC8-E83E-443A-9C5A-76412DAE146C}.Release|Any CPU.Build.0 = Release|Any CPU
		{56EF2E43-A22C-41AC-BE4C-331CB5B2106F}.Debug|Any CPU.ActiveCfg = Debug|Any CPU
		{56EF2E43-A22C-41AC-BE4C-331CB5B2106F}.Debug|Any CPU.Build.0 = Debug|Any CPU
		{56EF2E43-A22C-41AC-BE4C-331CB5B2106F}.Release|Any CPU.ActiveCfg = Release|Any CPU
		{56EF2E43-A22C-41AC-BE4C-331CB5B2106F}.Release|Any CPU.Build.0 = Release|Any CPU
	EndGlobalSection
	GlobalSection(SolutionProperties) = preSolution
		HideSolutionNode = FALSE
	EndGlobalSection
	GlobalSection(NestedProjects) = preSolution
		{2E5C5CC8-E83E-443A-9C5A-76412DAE146C} = {270CE940-A1DC-4EF6-8425-89CB7E866A4D}
		{270CE940-A1DC-4EF6-8425-89CB7E866A4D} = {FA753C35-1791-4699-B06F-CE193D7D3892}
		{9634692E-60F0-4007-B944-DF60CB933F70} = {FA753C35-1791-4699-B06F-CE193D7D3892}
		{56EF2E43-A22C-41AC-BE4C-331CB5B2106F} = {9634692E-60F0-4007-B944-DF60CB933F70}
	EndGlobalSection
	GlobalSection(ExtensibilityGlobals) = postSolution
		SolutionGuid = {1A3CB2D4-77B6-46C0-8E9E-63968EA31B13}
	EndGlobalSection
EndGlobal
